
Microsoft Visual Studio Solution File, Format Version 12.00
# Visual Studio Version 17
VisualStudioVersion = 17.5.002.0
MinimumVisualStudioVersion = 10.0.40219.1
Project("{9A19103F-16F7-4668-BE54-9A1E7A4F7556}") = "MinimalApiProject", "MinimalApiProject\MinimalApiProject.csproj", "{92202624-221A-4535-94CB-E18415FAC29B}"
EndProject
Global
	GlobalSection(SolutionConfigurationPlatforms) = preSolution
		Debug|Any CPU = Debug|Any CPU
		Release|Any CPU = Release|Any CPU
	EndGlobalSection
	GlobalSection(ProjectConfigurationPlatforms) = postSolution
		{92202624-221A-4535-94CB-E18415FAC29B}.Debug|Any CPU.ActiveCfg = Debug|Any CPU
		{92202624-221A-4535-94CB-E18415FAC29B}.Debug|Any CPU.Build.0 = Debug|Any CPU
		{92202624-221A-4535-94CB-E18415FAC29B}.Release|Any CPU.ActiveCfg = Release|Any CPU
		{92202624-221A-4535-94CB-E18415FAC29B}.Release|Any CPU.Build.0 = Release|Any CPU
	EndGlobalSection
	GlobalSection(SolutionProperties) = preSolution
		HideSolutionNode = FALSE
	EndGlobalSection
	GlobalSection(ExtensibilityGlobals) = postSolution
		SolutionGuid = {5A78B301-81D4-4498-A68A-842D2AE82B17}
	EndGlobalSection
EndGlobal
